// !$*UTF8*$!
{
	archiveVersion = 1;
	classes = {
	};
	objectVersion = 46;
	objects = {

/* Begin PBXBuildFile section */
		4A2E0BD01D1CEAD50007EC21 /* SMCKit.framework in Frameworks */ = {isa = PBXBuildFile; fileRef = 4A2E0BCF1D1CEAD50007EC21 /* SMCKit.framework */; };
		4A2E0BD41D1CEB2F0007EC21 /* SMCKit.framework in Embed Frameworks */ = {isa = PBXBuildFile; fileRef = 4A2E0BCF1D1CEAD50007EC21 /* SMCKit.framework */; settings = {ATTRIBUTES = (CodeSignOnCopy, RemoveHeadersOnCopy, ); }; };
		4A2E0BDD1D1CEBCC0007EC21 /* AppDelegate.swift in Sources */ = {isa = PBXBuildFile; fileRef = 4A2E0BD61D1CEBCC0007EC21 /* AppDelegate.swift */; };
		4A2E0BDE1D1CEBCC0007EC21 /* Assets.xcassets in Resources */ = {isa = PBXBuildFile; fileRef = 4A2E0BD71D1CEBCC0007EC21 /* Assets.xcassets */; };
		4A2E0BDF1D1CEBCC0007EC21 /* Base.lproj in Resources */ = {isa = PBXBuildFile; fileRef = 4A2E0BD81D1CEBCC0007EC21 /* Base.lproj */; };
		4A2E0BE01D1CEBCC0007EC21 /* Main.storyboard in Resources */ = {isa = PBXBuildFile; fileRef = 4A2E0BD91D1CEBCC0007EC21 /* Main.storyboard */; };
		4A2E0BE11D1CEBCC0007EC21 /* ViewController.swift in Sources */ = {isa = PBXBuildFile; fileRef = 4A2E0BDA1D1CEBCC0007EC21 /* ViewController.swift */; };
		4A2E0BE21D1CEBCC0007EC21 /* MenuBarPopover.swift in Sources */ = {isa = PBXBuildFile; fileRef = 4A2E0BDB1D1CEBCC0007EC21 /* MenuBarPopover.swift */; };
		4A2E0BE31D1CEBCC0007EC21 /* MenuBarPopover.xib in Resources */ = {isa = PBXBuildFile; fileRef = 4A2E0BDC1D1CEBCC0007EC21 /* MenuBarPopover.xib */; };
/* End PBXBuildFile section */

/* Begin PBXCopyFilesBuildPhase section */
		4A2E0BD51D1CEB2F0007EC21 /* Embed Frameworks */ = {
			isa = PBXCopyFilesBuildPhase;
			buildActionMask = 2147483647;
			dstPath = "";
			dstSubfolderSpec = 10;
			files = (
				4A2E0BD41D1CEB2F0007EC21 /* SMCKit.framework in Embed Frameworks */,
			);
			name = "Embed Frameworks";
			runOnlyForDeploymentPostprocessing = 0;
		};
/* End PBXCopyFilesBuildPhase section */

/* Begin PBXFileReference section */
		4A2E0BAA1D1CEA010007EC21 /* fan-control.app */ = {isa = PBXFileReference; explicitFileType = wrapper.application; includeInIndex = 0; path = "fan-control.app"; sourceTree = BUILT_PRODUCTS_DIR; };
		4A2E0BCF1D1CEAD50007EC21 /* SMCKit.framework */ = {isa = PBXFileReference; lastKnownFileType = wrapper.framework; path = SMCKit.framework; sourceTree = "<group>"; };
		4A2E0BD61D1CEBCC0007EC21 /* AppDelegate.swift */ = {isa = PBXFileReference; fileEncoding = 4; lastKnownFileType = sourcecode.swift; name = AppDelegate.swift; path = "fan-control/AppDelegate.swift"; sourceTree = SOURCE_ROOT; };
		4A2E0BD71D1CEBCC0007EC21 /* Assets.xcassets */ = {isa = PBXFileReference; lastKnownFileType = folder.assetcatalog; name = Assets.xcassets; path = "fan-control/Assets.xcassets"; sourceTree = SOURCE_ROOT; };
		4A2E0BD81D1CEBCC0007EC21 /* Base.lproj */ = {isa = PBXFileReference; lastKnownFileType = folder; name = Base.lproj; path = "fan-control/Base.lproj"; sourceTree = SOURCE_ROOT; };
		4A2E0BD91D1CEBCC0007EC21 /* Main.storyboard */ = {isa = PBXFileReference; fileEncoding = 4; lastKnownFileType = file.storyboard; name = Main.storyboard; path = "fan-control/Main.storyboard"; sourceTree = SOURCE_ROOT; };
		4A2E0BDA1D1CEBCC0007EC21 /* ViewController.swift */ = {isa = PBXFileReference; fileEncoding = 4; lastKnownFileType = sourcecode.swift; name = ViewController.swift; path = "fan-control/ViewController.swift"; sourceTree = SOURCE_ROOT; };
		4A2E0BDB1D1CEBCC0007EC21 /* MenuBarPopover.swift */ = {isa = PBXFileReference; fileEncoding = 4; lastKnownFileType = sourcecode.swift; name = MenuBarPopover.swift; path = "fan-control/MenuBarPopover.swift"; sourceTree = SOURCE_ROOT; };
		4A2E0BDC1D1CEBCC0007EC21 /* MenuBarPopover.xib */ = {isa = PBXFileReference; fileEncoding = 4; lastKnownFileType = file.xib; name = MenuBarPopover.xib; path = "fan-control/MenuBarPopover.xib"; sourceTree = SOURCE_ROOT; };
		4A2E0BE41D1CEBD70007EC21 /* Info.plist */ = {isa = PBXFileReference; lastKnownFileType = text.plist.xml; name = Info.plist; path = "fan-control/Info.plist"; sourceTree = SOURCE_ROOT; };
/* End PBXFileReference section */

/* Begin PBXFrameworksBuildPhase section */
		4A2E0BA71D1CEA010007EC21 /* Frameworks */ = {
			isa = PBXFrameworksBuildPhase;
			buildActionMask = 2147483647;
			files = (
				4A2E0BD01D1CEAD50007EC21 /* SMCKit.framework in Frameworks */,
			);
			runOnlyForDeploymentPostprocessing = 0;
		};
/* End PBXFrameworksBuildPhase section */

/* Begin PBXGroup section */
		4A2E0BA11D1CEA010007EC21 = {
			isa = PBXGroup;
			children = (
				4A2E0BCF1D1CEAD50007EC21 /* SMCKit.framework */,
				4A2E0BAC1D1CEA010007EC21 /* fan-control */,
				4A2E0BAB1D1CEA010007EC21 /* Products */,
			);
			sourceTree = "<group>";
		};
		4A2E0BAB1D1CEA010007EC21 /* Products */ = {
			isa = PBXGroup;
			children = (
				4A2E0BAA1D1CEA010007EC21 /* fan-control.app */,
			);
			name = Products;
			sourceTree = "<group>";
		};
		4A2E0BAC1D1CEA010007EC21 /* fan-control */ = {
			isa = PBXGroup;
			children = (
				4A2E0BD61D1CEBCC0007EC21 /* AppDelegate.swift */,
				4A2E0BDB1D1CEBCC0007EC21 /* MenuBarPopover.swift */,
				4A2E0BDC1D1CEBCC0007EC21 /* MenuBarPopover.xib */,
				4A2E0BE41D1CEBD70007EC21 /* Info.plist */,
				4A2E0BD71D1CEBCC0007EC21 /* Assets.xcassets */,
				4A2E0BD81D1CEBCC0007EC21 /* Base.lproj */,
				4A2E0BDA1D1CEBCC0007EC21 /* ViewController.swift */,
				4A2E0BD91D1CEBCC0007EC21 /* Main.storyboard */,
			);
			name = "fan-control";
			path = "fan-control2";
			sourceTree = "<group>";
		};
/* End PBXGroup section */

/* Begin PBXNativeTarget section */
		4A2E0BA91D1CEA010007EC21 /* fan-control */ = {
			isa = PBXNativeTarget;
			buildConfigurationList = 4A2E0BB91D1CEA010007EC21 /* Build configuration list for PBXNativeTarget "fan-control" */;
			buildPhases = (
				4A2E0BA61D1CEA010007EC21 /* Sources */,
				4A2E0BA71D1CEA010007EC21 /* Frameworks */,
				4A2E0BA81D1CEA010007EC21 /* Resources */,
				4A2E0BD51D1CEB2F0007EC21 /* Embed Frameworks */,
			);
			buildRules = (
			);
			dependencies = (
			);
			name = "fan-control";
			productName = "fan-control2";
			productReference = 4A2E0BAA1D1CEA010007EC21 /* fan-control.app */;
			productType = "com.apple.product-type.application";
		};
/* End PBXNativeTarget section */

/* Begin PBXProject section */
		4A2E0BA21D1CEA010007EC21 /* Project object */ = {
			isa = PBXProject;
			attributes = {
				LastSwiftUpdateCheck = 0730;
				LastUpgradeCheck = 0730;
				ORGANIZATIONNAME = thisbetterwork;
				TargetAttributes = {
					4A2E0BA91D1CEA010007EC21 = {
						CreatedOnToolsVersion = 7.3.1;
					};
				};
			};
			buildConfigurationList = 4A2E0BA51D1CEA010007EC21 /* Build configuration list for PBXProject "fan-control" */;
			compatibilityVersion = "Xcode 3.2";
			developmentRegion = English;
			hasScannedForEncodings = 0;
			knownRegions = (
				en,
				Base,
			);
			mainGroup = 4A2E0BA11D1CEA010007EC21;
			productRefGroup = 4A2E0BAB1D1CEA010007EC21 /* Products */;
			projectDirPath = "";
			projectRoot = "";
			targets = (
				4A2E0BA91D1CEA010007EC21 /* fan-control */,
			);
		};
/* End PBXProject section */

/* Begin PBXResourcesBuildPhase section */
		4A2E0BA81D1CEA010007EC21 /* Resources */ = {
			isa = PBXResourcesBuildPhase;
			buildActionMask = 2147483647;
			files = (
				4A2E0BE31D1CEBCC0007EC21 /* MenuBarPopover.xib in Resources */,
				4A2E0BE01D1CEBCC0007EC21 /* Main.storyboard in Resources */,
				4A2E0BDF1D1CEBCC0007EC21 /* Base.lproj in Resources */,
				4A2E0BDE1D1CEBCC0007EC21 /* Assets.xcassets in Resources */,
			);
			runOnlyForDeploymentPostprocessing = 0;
		};
/* End PBXResourcesBuildPhase section */

/* Begin PBXSourcesBuildPhase section */
		4A2E0BA61D1CEA010007EC21 /* Sources */ = {
			isa = PBXSourcesBuildPhase;
			buildActionMask = 2147483647;
			files = (
				4A2E0BE11D1CEBCC0007EC21 /* ViewController.swift in Sources */,
				4A2E0BE21D1CEBCC0007EC21 /* MenuBarPopover.swift in Sources */,
				4A2E0BDD1D1CEBCC0007EC21 /* AppDelegate.swift in Sources */,
			);
			runOnlyForDeploymentPostprocessing = 0;
		};
/* End PBXSourcesBuildPhase section */

/* Begin XCBuildConfiguration section */
		4A2E0BB71D1CEA010007EC21 /* Debug */ = {
			isa = XCBuildConfiguration;
			buildSettings = {
				ALWAYS_SEARCH_USER_PATHS = NO;
				CLANG_ANALYZER_NONNULL = YES;
				CLANG_CXX_LANGUAGE_STANDARD = "gnu++0x";
				CLANG_CXX_LIBRARY = "libc++";
				CLANG_ENABLE_MODULES = YES;
				CLANG_ENABLE_OBJC_ARC = YES;
				CLANG_WARN_BOOL_CONVERSION = YES;
				CLANG_WARN_CONSTANT_CONVERSION = YES;
				CLANG_WARN_DIRECT_OBJC_ISA_USAGE = YES_ERROR;
				CLANG_WARN_EMPTY_BODY = YES;
				CLANG_WARN_ENUM_CONVERSION = YES;
				CLANG_WARN_INT_CONVERSION = YES;
				CLANG_WARN_OBJC_ROOT_CLASS = YES_ERROR;
				CLANG_WARN_UNREACHABLE_CODE = YES;
				CLANG_WARN__DUPLICATE_METHOD_MATCH = YES;
				CODE_SIGN_IDENTITY = "-";
				COPY_PHASE_STRIP = NO;
				DEBUG_INFORMATION_FORMAT = dwarf;
				ENABLE_STRICT_OBJC_MSGSEND = YES;
				ENABLE_TESTABILITY = YES;
				GCC_C_LANGUAGE_STANDARD = gnu99;
				GCC_DYNAMIC_NO_PIC = NO;
				GCC_NO_COMMON_BLOCKS = YES;
				GCC_OPTIMIZATION_LEVEL = 0;
				GCC_PREPROCESSOR_DEFINITIONS = (
					"DEBUG=1",
					"$(inherited)",
				);
				GCC_WARN_64_TO_32_BIT_CONVERSION = YES;
				GCC_WARN_ABOUT_RETURN_TYPE = YES_ERROR;
				GCC_WARN_UNDECLARED_SELECTOR = YES;
				GCC_WARN_UNINITIALIZED_AUTOS = YES_AGGRESSIVE;
				GCC_WARN_UNUSED_FUNCTION = YES;
				GCC_WARN_UNUSED_VARIABLE = YES;
				MACOSX_DEPLOYMENT_TARGET = 10.11;
				MTL_ENABLE_DEBUG_INFO = YES;
				ONLY_ACTIVE_ARCH = YES;
				SDKROOT = macosx;
				SWIFT_OPTIMIZATION_LEVEL = "-Onone";
			};
			name = Debug;
		};
		4A2E0BB81D1CEA010007EC21 /* Release */ = {
			isa = XCBuildConfiguration;
			buildSettings = {
				ALWAYS_SEARCH_USER_PATHS = NO;
				CLANG_ANALYZER_NONNULL = YES;
				CLANG_CXX_LANGUAGE_STANDARD = "gnu++0x";
				CLANG_CXX_LIBRARY = "libc++";
				CLANG_ENABLE_MODULES = YES;
				CLANG_ENABLE_OBJC_ARC = YES;
				CLANG_WARN_BOOL_CONVERSION = YES;
				CLANG_WARN_CONSTANT_CONVERSION = YES;
				CLANG_WARN_DIRECT_OBJC_ISA_USAGE = YES_ERROR;
				CLANG_WARN_EMPTY_BODY = YES;
				CLANG_WARN_ENUM_CONVERSION = YES;
				CLANG_WARN_INT_CONVERSION = YES;
				CLANG_WARN_OBJC_ROOT_CLASS = YES_ERROR;
				CLANG_WARN_UNREACHABLE_CODE = YES;
				CLANG_WARN__DUPLICATE_METHOD_MATCH = YES;
				CODE_SIGN_IDENTITY = "-";
				COPY_PHASE_STRIP = NO;
				DEBUG_INFORMATION_FORMAT = "dwarf-with-dsym";
				ENABLE_NS_ASSERTIONS = NO;
				ENABLE_STRICT_OBJC_MSGSEND = YES;
				GCC_C_LANGUAGE_STANDARD = gnu99;
				GCC_NO_COMMON_BLOCKS = YES;
				GCC_WARN_64_TO_32_BIT_CONVERSION = YES;
				GCC_WARN_ABOUT_RETURN_TYPE = YES_ERROR;
				GCC_WARN_UNDECLARED_SELECTOR = YES;
				GCC_WARN_UNINITIALIZED_AUTOS = YES_AGGRESSIVE;
				GCC_WARN_UNUSED_FUNCTION = YES;
				GCC_WARN_UNUSED_VARIABLE = YES;
				MACOSX_DEPLOYMENT_TARGET = 10.11;
				MTL_ENABLE_DEBUG_INFO = NO;
				SDKROOT = macosx;
			};
			name = Release;
		};
		4A2E0BBA1D1CEA010007EC21 /* Debug */ = {
			isa = XCBuildConfiguration;
			buildSettings = {
				ASSETCATALOG_COMPILER_APPICON_NAME = AppIcon;
				ASSETCATALOG_COMPILER_OPTIMIZATION = space;
				CLANG_ENABLE_MODULES = YES;
				CLANG_USE_OPTIMIZATION_PROFILE = YES;
				COMBINE_HIDPI_IMAGES = YES;
				FRAMEWORK_SEARCH_PATHS = (
					"$(inherited)",
					"$(PROJECT_DIR)",
				);
				GCC_OPTIMIZATION_LEVEL = 0;
				INFOPLIST_FILE = "$(SRCROOT)/fan-control/Info.plist";
				LD_RUNPATH_SEARCH_PATHS = "$(inherited) @executable_path/../Frameworks";
				LLVM_LTO = YES;
				PRODUCT_BUNDLE_IDENTIFIER = "com.thisbetterwork.fan-control";
				PRODUCT_NAME = "fan-control";
				SWIFT_OPTIMIZATION_LEVEL = "-Onone";
			};
			name = Debug;
		};
		4A2E0BBB1D1CEA010007EC21 /* Release */ = {
			isa = XCBuildConfiguration;
			buildSettings = {
				ASSETCATALOG_COMPILER_APPICON_NAME = AppIcon;
				ASSETCATALOG_COMPILER_OPTIMIZATION = space;
				CLANG_ENABLE_MODULES = YES;
				CLANG_USE_OPTIMIZATION_PROFILE = YES;
				COMBINE_HIDPI_IMAGES = YES;
				FRAMEWORK_SEARCH_PATHS = (
					"$(inherited)",
					"$(PROJECT_DIR)",
				);
				GCC_OPTIMIZATION_LEVEL = 0;
				INFOPLIST_FILE = "$(SRCROOT)/fan-control/Info.plist";
				LD_RUNPATH_SEARCH_PATHS = "$(inherited) @executable_path/../Frameworks";
				LLVM_LTO = YES;
				PRODUCT_BUNDLE_IDENTIFIER = "com.thisbetterwork.fan-control";
				PRODUCT_NAME = "fan-control";
				SWIFT_OPTIMIZATION_LEVEL = "-Onone";
			};
			name = Release;
		};
/* End XCBuildConfiguration section */

/* Begin XCConfigurationList section */
		4A2E0BA51D1CEA010007EC21 /* Build configuration list for PBXProject "fan-control" */ = {
			isa = XCConfigurationList;
			buildConfigurations = (
				4A2E0BB71D1CEA010007EC21 /* Debug */,
				4A2E0BB81D1CEA010007EC21 /* Release */,
			);
			defaultConfigurationIsVisible = 0;
			defaultConfigurationName = Release;
		};
		4A2E0BB91D1CEA010007EC21 /* Build configuration list for PBXNativeTarget "fan-control" */ = {
			isa = XCConfigurationList;
			buildConfigurations = (
				4A2E0BBA1D1CEA010007EC21 /* Debug */,
				4A2E0BBB1D1CEA010007EC21 /* Release */,
			);
			defaultConfigurationIsVisible = 0;
			defaultConfigurationName = Release;
		};
/* End XCConfigurationList section */
	};
	rootObject = 4A2E0BA21D1CEA010007EC21 /* Project object */;
}
